
Microsoft Visual Studio Solution File, Format Version 12.00
# Visual Studio Version 17
VisualStudioVersion = 17.1.32328.378
MinimumVisualStudioVersion = 10.0.40219.1
Project("{FAE04EC0-301F-11D3-BF4B-00C04F79EFBC}") = "EnergyConsumption", "EnergyConsumption\EnergyConsumption.csproj", "{96DCC7FE-B9B9-4EE8-979C-12DAB63698BE}"
EndProject
Global
	GlobalSection(SolutionConfigurationPlatforms) = preSolution
		Debug|Any CPU = Debug|Any CPU
		Release|Any CPU = Release|Any CPU
	EndGlobalSection
	GlobalSection(ProjectConfigurationPlatforms) = postSolution
		{96DCC7FE-B9B9-4EE8-979C-12DAB63698BE}.Debug|Any CPU.ActiveCfg = Debug|Any CPU
		{96DCC7FE-B9B9-4EE8-979C-12DAB63698BE}.Debug|Any CPU.Build.0 = Debug|Any CPU
		{96DCC7FE-B9B9-4EE8-979C-12DAB63698BE}.Release|Any CPU.ActiveCfg = Release|Any CPU
		{96DCC7FE-B9B9-4EE8-979C-12DAB63698BE}.Release|Any CPU.Build.0 = Release|Any CPU
	EndGlobalSection
	GlobalSection(SolutionProperties) = preSolution
		HideSolutionNode = FALSE
	EndGlobalSection
	GlobalSection(ExtensibilityGlobals) = postSolution
		SolutionGuid = {12CE5664-E547-4960-AA46-35204BD711EC}
	EndGlobalSection
EndGlobal
